
Microsoft Visual Studio Solution File, Format Version 12.00
# Visual Studio Version 16
VisualStudioVersion = 16.0.31005.135
MinimumVisualStudioVersion = 10.0.40219.1
Project("{FAE04EC0-301F-11D3-BF4B-00C04F79EFBC}") = "WebApplication1", "WebApplication1\WebApplication1.csproj", "{DDC28A79-4E2B-4491-A291-34224ABA797C}"
EndProject
Global
	GlobalSection(SolutionConfigurationPlatforms) = preSolution
		Debug|Any CPU = Debug|Any CPU
		Release|Any CPU = Release|Any CPU
	EndGlobalSection
	GlobalSection(ProjectConfigurationPlatforms) = postSolution
		{DDC28A79-4E2B-4491-A291-34224ABA797C}.Debug|Any CPU.ActiveCfg = Debug|Any CPU
		{DDC28A79-4E2B-4491-A291-34224ABA797C}.Debug|Any CPU.Build.0 = Debug|Any CPU
		{DDC28A79-4E2B-4491-A291-34224ABA797C}.Release|Any CPU.ActiveCfg = Release|Any CPU
		{DDC28A79-4E2B-4491-A291-34224ABA797C}.Release|Any CPU.Build.0 = Release|Any CPU
	EndGlobalSection
	GlobalSection(SolutionProperties) = preSolution
		HideSolutionNode = FALSE
	EndGlobalSection
	GlobalSection(ExtensibilityGlobals) = postSolution
		SolutionGuid = {819A962B-B83D-4FAC-8160-CC2A4506CB76}
	EndGlobalSection
EndGlobal
